// !$*UTF8*$!
{
	archiveVersion = 1;
	classes = {
	};
	objectVersion = 56;
	objects = {

/* Begin PBXBuildFile section */
		6203C2462AFC301E001575FE /* ChecklistViewData.swift in Sources */ = {isa = PBXBuildFile; fileRef = 6203C2452AFC301E001575FE /* ChecklistViewData.swift */; };
		6203C2482AFC3C4A001575FE /* CustomTableViewCell.swift in Sources */ = {isa = PBXBuildFile; fileRef = 6203C2472AFC3C4A001575FE /* CustomTableViewCell.swift */; };
		6203C24A2AFC62A0001575FE /* ChecklistView.swift in Sources */ = {isa = PBXBuildFile; fileRef = 6203C2492AFC62A0001575FE /* ChecklistView.swift */; };
		62B03E2D2AFAC2E2002431F3 /* AppDelegate.swift in Sources */ = {isa = PBXBuildFile; fileRef = 62B03E2C2AFAC2E2002431F3 /* AppDelegate.swift */; };
		62B03E2F2AFAC2E2002431F3 /* SceneDelegate.swift in Sources */ = {isa = PBXBuildFile; fileRef = 62B03E2E2AFAC2E2002431F3 /* SceneDelegate.swift */; };
		62B03E312AFAC2E2002431F3 /* ViewController.swift in Sources */ = {isa = PBXBuildFile; fileRef = 62B03E302AFAC2E2002431F3 /* ViewController.swift */; };
		62B03E372AFAC2E2002431F3 /* FlightSimCheckList.xcdatamodeld in Sources */ = {isa = PBXBuildFile; fileRef = 62B03E352AFAC2E2002431F3 /* FlightSimCheckList.xcdatamodeld */; };
		62B03E4E2AFB0629002431F3 /* Assets.xcassets in Resources */ = {isa = PBXBuildFile; fileRef = 62B03E4C2AFB0629002431F3 /* Assets.xcassets */; };
		62B03E4F2AFB0629002431F3 /* Colors.xcassets in Resources */ = {isa = PBXBuildFile; fileRef = 62B03E4D2AFB0629002431F3 /* Colors.xcassets */; };
		62B03E542AFB06E3002431F3 /* ChecklistViewController.swift in Sources */ = {isa = PBXBuildFile; fileRef = 62B03E522AFB06E3002431F3 /* ChecklistViewController.swift */; };
		62B03E572AFB06E9002431F3 /* Extensions.swift in Sources */ = {isa = PBXBuildFile; fileRef = 62B03E562AFB06E9002431F3 /* Extensions.swift */; };
		62B03E5A2AFB06EE002431F3 /* ChecklistModel.swift in Sources */ = {isa = PBXBuildFile; fileRef = 62B03E592AFB06EE002431F3 /* ChecklistModel.swift */; };
		62B03E5C2AFB0864002431F3 /* LaunchScreen.storyboard in Resources */ = {isa = PBXBuildFile; fileRef = 62B03E5B2AFB0864002431F3 /* LaunchScreen.storyboard */; };
		62B03E652AFB1380002431F3 /* Main.storyboard in Resources */ = {isa = PBXBuildFile; fileRef = 62B03E642AFB1380002431F3 /* Main.storyboard */; };
		62B03E672AFB1F48002431F3 /* HomeView.swift in Sources */ = {isa = PBXBuildFile; fileRef = 62B03E662AFB1F48002431F3 /* HomeView.swift */; };
		62B03E692AFB258E002431F3 /* HomeViewModel.swift in Sources */ = {isa = PBXBuildFile; fileRef = 62B03E682AFB258E002431F3 /* HomeViewModel.swift */; };
		62B03E6D2AFB4B38002431F3 /* airplanesMock.json in Sources */ = {isa = PBXBuildFile; fileRef = 62B03E6C2AFB4B38002431F3 /* airplanesMock.json */; };
/* End PBXBuildFile section */

/* Begin PBXFileReference section */
		6203C2452AFC301E001575FE /* ChecklistViewData.swift */ = {isa = PBXFileReference; lastKnownFileType = sourcecode.swift; path = ChecklistViewData.swift; sourceTree = "<group>"; };
		6203C2472AFC3C4A001575FE /* CustomTableViewCell.swift */ = {isa = PBXFileReference; lastKnownFileType = sourcecode.swift; path = CustomTableViewCell.swift; sourceTree = "<group>"; };
		6203C2492AFC62A0001575FE /* ChecklistView.swift */ = {isa = PBXFileReference; lastKnownFileType = sourcecode.swift; path = ChecklistView.swift; sourceTree = "<group>"; };
		62B03E292AFAC2E2002431F3 /* FlightSimCheckList.app */ = {isa = PBXFileReference; explicitFileType = wrapper.application; includeInIndex = 0; path = FlightSimCheckList.app; sourceTree = BUILT_PRODUCTS_DIR; };
		62B03E2C2AFAC2E2002431F3 /* AppDelegate.swift */ = {isa = PBXFileReference; lastKnownFileType = sourcecode.swift; path = AppDelegate.swift; sourceTree = "<group>"; };
		62B03E2E2AFAC2E2002431F3 /* SceneDelegate.swift */ = {isa = PBXFileReference; lastKnownFileType = sourcecode.swift; path = SceneDelegate.swift; sourceTree = "<group>"; };
		62B03E302AFAC2E2002431F3 /* ViewController.swift */ = {isa = PBXFileReference; lastKnownFileType = sourcecode.swift; path = ViewController.swift; sourceTree = "<group>"; };
		62B03E362AFAC2E2002431F3 /* FlightSimCheckList.xcdatamodel */ = {isa = PBXFileReference; lastKnownFileType = wrapper.xcdatamodel; path = FlightSimCheckList.xcdatamodel; sourceTree = "<group>"; };
		62B03E3D2AFAC2E4002431F3 /* Info.plist */ = {isa = PBXFileReference; lastKnownFileType = text.plist.xml; path = Info.plist; sourceTree = "<group>"; };
		62B03E4C2AFB0629002431F3 /* Assets.xcassets */ = {isa = PBXFileReference; lastKnownFileType = folder.assetcatalog; path = Assets.xcassets; sourceTree = "<group>"; };
		62B03E4D2AFB0629002431F3 /* Colors.xcassets */ = {isa = PBXFileReference; lastKnownFileType = folder.assetcatalog; path = Colors.xcassets; sourceTree = "<group>"; };
		62B03E522AFB06E3002431F3 /* ChecklistViewController.swift */ = {isa = PBXFileReference; fileEncoding = 4; lastKnownFileType = sourcecode.swift; path = ChecklistViewController.swift; sourceTree = "<group>"; };
		62B03E562AFB06E9002431F3 /* Extensions.swift */ = {isa = PBXFileReference; fileEncoding = 4; lastKnownFileType = sourcecode.swift; path = Extensions.swift; sourceTree = "<group>"; };
		62B03E592AFB06EE002431F3 /* ChecklistModel.swift */ = {isa = PBXFileReference; fileEncoding = 4; lastKnownFileType = sourcecode.swift; path = ChecklistModel.swift; sourceTree = "<group>"; };
		62B03E5B2AFB0864002431F3 /* LaunchScreen.storyboard */ = {isa = PBXFileReference; fileEncoding = 4; lastKnownFileType = file.storyboard; path = LaunchScreen.storyboard; sourceTree = "<group>"; };
		62B03E642AFB1380002431F3 /* Main.storyboard */ = {isa = PBXFileReference; fileEncoding = 4; lastKnownFileType = file.storyboard; path = Main.storyboard; sourceTree = "<group>"; };
		62B03E662AFB1F48002431F3 /* HomeView.swift */ = {isa = PBXFileReference; lastKnownFileType = sourcecode.swift; path = HomeView.swift; sourceTree = "<group>"; };
		62B03E682AFB258E002431F3 /* HomeViewModel.swift */ = {isa = PBXFileReference; lastKnownFileType = sourcecode.swift; path = HomeViewModel.swift; sourceTree = "<group>"; };
		62B03E6B2AFB3969002431F3 /* manufacturersMock.json */ = {isa = PBXFileReference; lastKnownFileType = text.json; path = manufacturersMock.json; sourceTree = "<group>"; };
		62B03E6C2AFB4B38002431F3 /* airplanesMock.json */ = {isa = PBXFileReference; lastKnownFileType = text.json; path = airplanesMock.json; sourceTree = "<group>"; };
/* End PBXFileReference section */

/* Begin PBXFrameworksBuildPhase section */
		62B03E262AFAC2E1002431F3 /* Frameworks */ = {
			isa = PBXFrameworksBuildPhase;
			buildActionMask = 2147483647;
			files = (
			);
			runOnlyForDeploymentPostprocessing = 0;
		};
/* End PBXFrameworksBuildPhase section */

/* Begin PBXGroup section */
		62B03E202AFAC2E1002431F3 = {
			isa = PBXGroup;
			children = (
				62B03E2B2AFAC2E2002431F3 /* FlightSimCheckList */,
				62B03E2A2AFAC2E2002431F3 /* Products */,
			);
			sourceTree = "<group>";
		};
		62B03E2A2AFAC2E2002431F3 /* Products */ = {
			isa = PBXGroup;
			children = (
				62B03E292AFAC2E2002431F3 /* FlightSimCheckList.app */,
			);
			name = Products;
			sourceTree = "<group>";
		};
		62B03E2B2AFAC2E2002431F3 /* FlightSimCheckList */ = {
			isa = PBXGroup;
			children = (
				62B03E6A2AFB3925002431F3 /* Services */,
				62B03E612AFB0886002431F3 /* Storyboards */,
				62B03E582AFB06EE002431F3 /* Models */,
				62B03E552AFB06E9002431F3 /* Extensions */,
				62B03E4B2AFB0609002431F3 /* Assets */,
				62B03E432AFAE3AA002431F3 /* Scenes */,
				62B03E2C2AFAC2E2002431F3 /* AppDelegate.swift */,
				62B03E2E2AFAC2E2002431F3 /* SceneDelegate.swift */,
				62B03E3D2AFAC2E4002431F3 /* Info.plist */,
				62B03E352AFAC2E2002431F3 /* FlightSimCheckList.xcdatamodeld */,
			);
			path = FlightSimCheckList;
			sourceTree = "<group>";
		};
		62B03E432AFAE3AA002431F3 /* Scenes */ = {
			isa = PBXGroup;
			children = (
				62B03E462AFAE52B002431F3 /* CheckList */,
				62B03E452AFAE512002431F3 /* Components  */,
				62B03E442AFAE50A002431F3 /* Home */,
			);
			path = Scenes;
			sourceTree = "<group>";
		};
		62B03E442AFAE50A002431F3 /* Home */ = {
			isa = PBXGroup;
			children = (
				62B03E302AFAC2E2002431F3 /* ViewController.swift */,
				62B03E662AFB1F48002431F3 /* HomeView.swift */,
				62B03E682AFB258E002431F3 /* HomeViewModel.swift */,
			);
			path = Home;
			sourceTree = "<group>";
		};
		62B03E452AFAE512002431F3 /* Components  */ = {
			isa = PBXGroup;
			children = (
				6203C2472AFC3C4A001575FE /* CustomTableViewCell.swift */,
			);
			path = "Components ";
			sourceTree = "<group>";
		};
		62B03E462AFAE52B002431F3 /* CheckList */ = {
			isa = PBXGroup;
			children = (
				62B03E522AFB06E3002431F3 /* ChecklistViewController.swift */,
				6203C2452AFC301E001575FE /* ChecklistViewData.swift */,
				6203C2492AFC62A0001575FE /* ChecklistView.swift */,
			);
			path = CheckList;
			sourceTree = "<group>";
		};
		62B03E4B2AFB0609002431F3 /* Assets */ = {
			isa = PBXGroup;
			children = (
				62B03E4C2AFB0629002431F3 /* Assets.xcassets */,
				62B03E4D2AFB0629002431F3 /* Colors.xcassets */,
			);
			path = Assets;
			sourceTree = "<group>";
		};
		62B03E552AFB06E9002431F3 /* Extensions */ = {
			isa = PBXGroup;
			children = (
				62B03E562AFB06E9002431F3 /* Extensions.swift */,
			);
			path = Extensions;
			sourceTree = "<group>";
		};
		62B03E582AFB06EE002431F3 /* Models */ = {
			isa = PBXGroup;
			children = (
				62B03E592AFB06EE002431F3 /* ChecklistModel.swift */,
			);
			path = Models;
			sourceTree = "<group>";
		};
		62B03E612AFB0886002431F3 /* Storyboards */ = {
			isa = PBXGroup;
			children = (
				62B03E642AFB1380002431F3 /* Main.storyboard */,
				62B03E5B2AFB0864002431F3 /* LaunchScreen.storyboard */,
			);
			path = Storyboards;
			sourceTree = "<group>";
		};
		62B03E6A2AFB3925002431F3 /* Services */ = {
			isa = PBXGroup;
			children = (
				62B03E6B2AFB3969002431F3 /* manufacturersMock.json */,
				62B03E6C2AFB4B38002431F3 /* airplanesMock.json */,
			);
			path = Services;
			sourceTree = "<group>";
		};
/* End PBXGroup section */

/* Begin PBXNativeTarget section */
		62B03E282AFAC2E1002431F3 /* FlightSimCheckList */ = {
			isa = PBXNativeTarget;
			buildConfigurationList = 62B03E402AFAC2E4002431F3 /* Build configuration list for PBXNativeTarget "FlightSimCheckList" */;
			buildPhases = (
				62B03E252AFAC2E1002431F3 /* Sources */,
				62B03E262AFAC2E1002431F3 /* Frameworks */,
				62B03E272AFAC2E1002431F3 /* Resources */,
			);
			buildRules = (
			);
			dependencies = (
			);
			name = FlightSimCheckList;
			productName = FlightSimCheckList;
			productReference = 62B03E292AFAC2E2002431F3 /* FlightSimCheckList.app */;
			productType = "com.apple.product-type.application";
		};
/* End PBXNativeTarget section */

/* Begin PBXProject section */
		62B03E212AFAC2E1002431F3 /* Project object */ = {
			isa = PBXProject;
			attributes = {
				BuildIndependentTargetsInParallel = 1;
				LastSwiftUpdateCheck = 1420;
				LastUpgradeCheck = 1420;
				TargetAttributes = {
					62B03E282AFAC2E1002431F3 = {
						CreatedOnToolsVersion = 14.2;
					};
				};
			};
			buildConfigurationList = 62B03E242AFAC2E1002431F3 /* Build configuration list for PBXProject "FlightSimCheckList" */;
			compatibilityVersion = "Xcode 14.0";
			developmentRegion = en;
			hasScannedForEncodings = 0;
			knownRegions = (
				en,
				Base,
			);
			mainGroup = 62B03E202AFAC2E1002431F3;
			productRefGroup = 62B03E2A2AFAC2E2002431F3 /* Products */;
			projectDirPath = "";
			projectRoot = "";
			targets = (
				62B03E282AFAC2E1002431F3 /* FlightSimCheckList */,
			);
		};
/* End PBXProject section */

/* Begin PBXResourcesBuildPhase section */
		62B03E272AFAC2E1002431F3 /* Resources */ = {
			isa = PBXResourcesBuildPhase;
			buildActionMask = 2147483647;
			files = (
				62B03E4F2AFB0629002431F3 /* Colors.xcassets in Resources */,
				62B03E4E2AFB0629002431F3 /* Assets.xcassets in Resources */,
				62B03E5C2AFB0864002431F3 /* LaunchScreen.storyboard in Resources */,
				62B03E652AFB1380002431F3 /* Main.storyboard in Resources */,
			);
			runOnlyForDeploymentPostprocessing = 0;
		};
/* End PBXResourcesBuildPhase section */

/* Begin PBXSourcesBuildPhase section */
		62B03E252AFAC2E1002431F3 /* Sources */ = {
			isa = PBXSourcesBuildPhase;
			buildActionMask = 2147483647;
			files = (
				62B03E542AFB06E3002431F3 /* ChecklistViewController.swift in Sources */,
				6203C2462AFC301E001575FE /* ChecklistViewData.swift in Sources */,
				62B03E692AFB258E002431F3 /* HomeViewModel.swift in Sources */,
				6203C2482AFC3C4A001575FE /* CustomTableViewCell.swift in Sources */,
				62B03E5A2AFB06EE002431F3 /* ChecklistModel.swift in Sources */,
				62B03E372AFAC2E2002431F3 /* FlightSimCheckList.xcdatamodeld in Sources */,
				62B03E312AFAC2E2002431F3 /* ViewController.swift in Sources */,
				62B03E6D2AFB4B38002431F3 /* airplanesMock.json in Sources */,
				62B03E2D2AFAC2E2002431F3 /* AppDelegate.swift in Sources */,
				62B03E672AFB1F48002431F3 /* HomeView.swift in Sources */,
				62B03E2F2AFAC2E2002431F3 /* SceneDelegate.swift in Sources */,
				62B03E572AFB06E9002431F3 /* Extensions.swift in Sources */,
				6203C24A2AFC62A0001575FE /* ChecklistView.swift in Sources */,
			);
			runOnlyForDeploymentPostprocessing = 0;
		};
/* End PBXSourcesBuildPhase section */

/* Begin XCBuildConfiguration section */
		62B03E3E2AFAC2E4002431F3 /* Debug */ = {
			isa = XCBuildConfiguration;
			buildSettings = {
				ALWAYS_SEARCH_USER_PATHS = NO;
				CLANG_ANALYZER_NONNULL = YES;
				CLANG_ANALYZER_NUMBER_OBJECT_CONVERSION = YES_AGGRESSIVE;
				CLANG_CXX_LANGUAGE_STANDARD = "gnu++20";
				CLANG_ENABLE_MODULES = YES;
				CLANG_ENABLE_OBJC_ARC = YES;
				CLANG_ENABLE_OBJC_WEAK = YES;
				CLANG_WARN_BLOCK_CAPTURE_AUTORELEASING = YES;
				CLANG_WARN_BOOL_CONVERSION = YES;
				CLANG_WARN_COMMA = YES;
				CLANG_WARN_CONSTANT_CONVERSION = YES;
				CLANG_WARN_DEPRECATED_OBJC_IMPLEMENTATIONS = YES;
				CLANG_WARN_DIRECT_OBJC_ISA_USAGE = YES_ERROR;
				CLANG_WARN_DOCUMENTATION_COMMENTS = YES;
				CLANG_WARN_EMPTY_BODY = YES;
				CLANG_WARN_ENUM_CONVERSION = YES;
				CLANG_WARN_INFINITE_RECURSION = YES;
				CLANG_WARN_INT_CONVERSION = YES;
				CLANG_WARN_NON_LITERAL_NULL_CONVERSION = YES;
				CLANG_WARN_OBJC_IMPLICIT_RETAIN_SELF = YES;
				CLANG_WARN_OBJC_LITERAL_CONVERSION = YES;
				CLANG_WARN_OBJC_ROOT_CLASS = YES_ERROR;
				CLANG_WARN_QUOTED_INCLUDE_IN_FRAMEWORK_HEADER = YES;
				CLANG_WARN_RANGE_LOOP_ANALYSIS = YES;
				CLANG_WARN_STRICT_PROTOTYPES = YES;
				CLANG_WARN_SUSPICIOUS_MOVE = YES;
				CLANG_WARN_UNGUARDED_AVAILABILITY = YES_AGGRESSIVE;
				CLANG_WARN_UNREACHABLE_CODE = YES;
				CLANG_WARN__DUPLICATE_METHOD_MATCH = YES;
				COPY_PHASE_STRIP = NO;
				DEBUG_INFORMATION_FORMAT = dwarf;
				ENABLE_STRICT_OBJC_MSGSEND = YES;
				ENABLE_TESTABILITY = YES;
				GCC_C_LANGUAGE_STANDARD = gnu11;
				GCC_DYNAMIC_NO_PIC = NO;
				GCC_NO_COMMON_BLOCKS = YES;
				GCC_OPTIMIZATION_LEVEL = 0;
				GCC_PREPROCESSOR_DEFINITIONS = (
					"DEBUG=1",
					"$(inherited)",
				);
				GCC_WARN_64_TO_32_BIT_CONVERSION = YES;
				GCC_WARN_ABOUT_RETURN_TYPE = YES_ERROR;
				GCC_WARN_UNDECLARED_SELECTOR = YES;
				GCC_WARN_UNINITIALIZED_AUTOS = YES_AGGRESSIVE;
				GCC_WARN_UNUSED_FUNCTION = YES;
				GCC_WARN_UNUSED_VARIABLE = YES;
				IPHONEOS_DEPLOYMENT_TARGET = 16.2;
				MTL_ENABLE_DEBUG_INFO = INCLUDE_SOURCE;
				MTL_FAST_MATH = YES;
				ONLY_ACTIVE_ARCH = YES;
				SDKROOT = iphoneos;
				SWIFT_ACTIVE_COMPILATION_CONDITIONS = DEBUG;
				SWIFT_OPTIMIZATION_LEVEL = "-Onone";
			};
			name = Debug;
		};
		62B03E3F2AFAC2E4002431F3 /* Release */ = {
			isa = XCBuildConfiguration;
			buildSettings = {
				ALWAYS_SEARCH_USER_PATHS = NO;
				CLANG_ANALYZER_NONNULL = YES;
				CLANG_ANALYZER_NUMBER_OBJECT_CONVERSION = YES_AGGRESSIVE;
				CLANG_CXX_LANGUAGE_STANDARD = "gnu++20";
				CLANG_ENABLE_MODULES = YES;
				CLANG_ENABLE_OBJC_ARC = YES;
				CLANG_ENABLE_OBJC_WEAK = YES;
				CLANG_WARN_BLOCK_CAPTURE_AUTORELEASING = YES;
				CLANG_WARN_BOOL_CONVERSION = YES;
				CLANG_WARN_COMMA = YES;
				CLANG_WARN_CONSTANT_CONVERSION = YES;
				CLANG_WARN_DEPRECATED_OBJC_IMPLEMENTATIONS = YES;
				CLANG_WARN_DIRECT_OBJC_ISA_USAGE = YES_ERROR;
				CLANG_WARN_DOCUMENTATION_COMMENTS = YES;
				CLANG_WARN_EMPTY_BODY = YES;
				CLANG_WARN_ENUM_CONVERSION = YES;
				CLANG_WARN_INFINITE_RECURSION = YES;
				CLANG_WARN_INT_CONVERSION = YES;
				CLANG_WARN_NON_LITERAL_NULL_CONVERSION = YES;
				CLANG_WARN_OBJC_IMPLICIT_RETAIN_SELF = YES;
				CLANG_WARN_OBJC_LITERAL_CONVERSION = YES;
				CLANG_WARN_OBJC_ROOT_CLASS = YES_ERROR;
				CLANG_WARN_QUOTED_INCLUDE_IN_FRAMEWORK_HEADER = YES;
				CLANG_WARN_RANGE_LOOP_ANALYSIS = YES;
				CLANG_WARN_STRICT_PROTOTYPES = YES;
				CLANG_WARN_SUSPICIOUS_MOVE = YES;
				CLANG_WARN_UNGUARDED_AVAILABILITY = YES_AGGRESSIVE;
				CLANG_WARN_UNREACHABLE_CODE = YES;
				CLANG_WARN__DUPLICATE_METHOD_MATCH = YES;
				COPY_PHASE_STRIP = NO;
				DEBUG_INFORMATION_FORMAT = "dwarf-with-dsym";
				ENABLE_NS_ASSERTIONS = NO;
				ENABLE_STRICT_OBJC_MSGSEND = YES;
				GCC_C_LANGUAGE_STANDARD = gnu11;
				GCC_NO_COMMON_BLOCKS = YES;
				GCC_WARN_64_TO_32_BIT_CONVERSION = YES;
				GCC_WARN_ABOUT_RETURN_TYPE = YES_ERROR;
				GCC_WARN_UNDECLARED_SELECTOR = YES;
				GCC_WARN_UNINITIALIZED_AUTOS = YES_AGGRESSIVE;
				GCC_WARN_UNUSED_FUNCTION = YES;
				GCC_WARN_UNUSED_VARIABLE = YES;
				IPHONEOS_DEPLOYMENT_TARGET = 16.2;
				MTL_ENABLE_DEBUG_INFO = NO;
				MTL_FAST_MATH = YES;
				SDKROOT = iphoneos;
				SWIFT_COMPILATION_MODE = wholemodule;
				SWIFT_OPTIMIZATION_LEVEL = "-O";
				VALIDATE_PRODUCT = YES;
			};
			name = Release;
		};
		62B03E412AFAC2E4002431F3 /* Debug */ = {
			isa = XCBuildConfiguration;
			buildSettings = {
				ASSETCATALOG_COMPILER_APPICON_NAME = AppIcon;
				ASSETCATALOG_COMPILER_GLOBAL_ACCENT_COLOR_NAME = AccentColor;
				CODE_SIGN_STYLE = Automatic;
				CURRENT_PROJECT_VERSION = 1;
				GENERATE_INFOPLIST_FILE = YES;
				INFOPLIST_FILE = FlightSimCheckList/Info.plist;
				INFOPLIST_KEY_LSApplicationCategoryType = "public.app-category.simulation-games";
				INFOPLIST_KEY_UIApplicationSupportsIndirectInputEvents = YES;
				INFOPLIST_KEY_UILaunchStoryboardName = LaunchScreen;
				INFOPLIST_KEY_UIMainStoryboardFile = Main;
				INFOPLIST_KEY_UISupportedInterfaceOrientations_iPad = "UIInterfaceOrientationPortrait UIInterfaceOrientationPortraitUpsideDown UIInterfaceOrientationLandscapeLeft UIInterfaceOrientationLandscapeRight";
				INFOPLIST_KEY_UISupportedInterfaceOrientations_iPhone = "UIInterfaceOrientationPortrait UIInterfaceOrientationLandscapeLeft UIInterfaceOrientationLandscapeRight";
				IPHONEOS_DEPLOYMENT_TARGET = 14.0;
				LD_RUNPATH_SEARCH_PATHS = (
					"$(inherited)",
					"@executable_path/Frameworks",
				);
				MARKETING_VERSION = 1.0;
				PRODUCT_BUNDLE_IDENTIFIER = com.mabu.FlightSimCheckList;
				PRODUCT_NAME = "$(TARGET_NAME)";
				SWIFT_EMIT_LOC_STRINGS = YES;
				SWIFT_VERSION = 5.0;
				TARGETED_DEVICE_FAMILY = "1,2";
			};
			name = Debug;
		};
		62B03E422AFAC2E4002431F3 /* Release */ = {
			isa = XCBuildConfiguration;
			buildSettings = {
				ASSETCATALOG_COMPILER_APPICON_NAME = AppIcon;
				ASSETCATALOG_COMPILER_GLOBAL_ACCENT_COLOR_NAME = AccentColor;
				CODE_SIGN_STYLE = Automatic;
				CURRENT_PROJECT_VERSION = 1;
				GENERATE_INFOPLIST_FILE = YES;
				INFOPLIST_FILE = FlightSimCheckList/Info.plist;
				INFOPLIST_KEY_LSApplicationCategoryType = "public.app-category.simulation-games";
				INFOPLIST_KEY_UIApplicationSupportsIndirectInputEvents = YES;
				INFOPLIST_KEY_UILaunchStoryboardName = LaunchScreen;
				INFOPLIST_KEY_UIMainStoryboardFile = Main;
				INFOPLIST_KEY_UISupportedInterfaceOrientations_iPad = "UIInterfaceOrientationPortrait UIInterfaceOrientationPortraitUpsideDown UIInterfaceOrientationLandscapeLeft UIInterfaceOrientationLandscapeRight";
				INFOPLIST_KEY_UISupportedInterfaceOrientations_iPhone = "UIInterfaceOrientationPortrait UIInterfaceOrientationLandscapeLeft UIInterfaceOrientationLandscapeRight";
				IPHONEOS_DEPLOYMENT_TARGET = 14.0;
				LD_RUNPATH_SEARCH_PATHS = (
					"$(inherited)",
					"@executable_path/Frameworks",
				);
				MARKETING_VERSION = 1.0;
				PRODUCT_BUNDLE_IDENTIFIER = com.mabu.FlightSimCheckList;
				PRODUCT_NAME = "$(TARGET_NAME)";
				SWIFT_EMIT_LOC_STRINGS = YES;
				SWIFT_VERSION = 5.0;
				TARGETED_DEVICE_FAMILY = "1,2";
			};
			name = Release;
		};
/* End XCBuildConfiguration section */

/* Begin XCConfigurationList section */
		62B03E242AFAC2E1002431F3 /* Build configuration list for PBXProject "FlightSimCheckList" */ = {
			isa = XCConfigurationList;
			buildConfigurations = (
				62B03E3E2AFAC2E4002431F3 /* Debug */,
				62B03E3F2AFAC2E4002431F3 /* Release */,
			);
			defaultConfigurationIsVisible = 0;
			defaultConfigurationName = Release;
		};
		62B03E402AFAC2E4002431F3 /* Build configuration list for PBXNativeTarget "FlightSimCheckList" */ = {
			isa = XCConfigurationList;
			buildConfigurations = (
				62B03E412AFAC2E4002431F3 /* Debug */,
				62B03E422AFAC2E4002431F3 /* Release */,
			);
			defaultConfigurationIsVisible = 0;
			defaultConfigurationName = Release;
		};
/* End XCConfigurationList section */

/* Begin XCVersionGroup section */
		62B03E352AFAC2E2002431F3 /* FlightSimCheckList.xcdatamodeld */ = {
			isa = XCVersionGroup;
			children = (
				62B03E362AFAC2E2002431F3 /* FlightSimCheckList.xcdatamodel */,
			);
			currentVersion = 62B03E362AFAC2E2002431F3 /* FlightSimCheckList.xcdatamodel */;
			path = FlightSimCheckList.xcdatamodeld;
			sourceTree = "<group>";
			versionGroupType = wrapper.xcdatamodel;
		};
/* End XCVersionGroup section */
	};
	rootObject = 62B03E212AFAC2E1002431F3 /* Project object */;
}
